# @generated - this file is auto-generated by `mise lock` https://mise.jdx.dev/dev-tools/mise-lock.html

[[tools.actionlint]]
version = "1.7.12"
backend = "aqua:rhysd/actionlint"

[tools.actionlint."platforms.linux-arm64"]
checksum = "sha256:325e971b6ba9bfa504672e29be93c24981eeb1c07576d730e9f7c8805afff0c6"
url = "https://github.com/rhysd/actionlint/releases/download/v1.7.12/actionlint_1.7.12_linux_arm64.tar.gz"
url_api = "https://api.github.com/repos/rhysd/actionlint/releases/assets/384924897"
provenance = "github-attestations"

[tools.actionlint."platforms.linux-arm64-musl"]
checksum = "sha256:325e971b6ba9bfa504672e29be93c24981eeb1c07576d730e9f7c8805afff0c6"
url = "https://github.com/rhysd/actionlint/releases/download/v1.7.12/actionlint_1.7.12_linux_arm64.tar.gz"
url_api = "https://api.github.com/repos/rhysd/actionlint/releases/assets/384924897"
provenance = "github-attestations"

[tools.actionlint."platforms.linux-x64"]
checksum = "sha256:8aca8db96f1b94770f1b0d72b6dddcb1ebb8123cb3712530b08cc387b349a3d8"
url = "https://github.com/rhysd/actionlint/releases/download/v1.7.12/actionlint_1.7.12_linux_amd64.tar.gz"
url_api = "https://api.github.com/repos/rhysd/actionlint/releases/assets/384924896"
provenance = "github-attestations"

[tools.actionlint."platforms.linux-x64-baseline"]
checksum = "sha256:8aca8db96f1b94770f1b0d72b6dddcb1ebb8123cb3712530b08cc387b349a3d8"
url = "https://github.com/rhysd/actionlint/releases/download/v1.7.12/actionlint_1.7.12_linux_amd64.tar.gz"
url_api = "https://api.github.com/repos/rhysd/actionlint/releases/assets/384924896"
provenance = "github-attestations"

[tools.actionlint."platforms.linux-x64-musl"]
checksum = "sha256:8aca8db96f1b94770f1b0d72b6dddcb1ebb8123cb3712530b08cc387b349a3d8"
url = "https://github.com/rhysd/actionlint/releases/download/v1.7.12/actionlint_1.7.12_linux_amd64.tar.gz"
url_api = "https://api.github.com/repos/rhysd/actionlint/releases/assets/384924896"
provenance = "github-attestations"

[tools.actionlint."platforms.linux-x64-musl-baseline"]
checksum = "sha256:8aca8db96f1b94770f1b0d72b6dddcb1ebb8123cb3712530b08cc387b349a3d8"
url = "https://github.com/rhysd/actionlint/releases/download/v1.7.12/actionlint_1.7.12_linux_amd64.tar.gz"
url_api = "https://api.github.com/repos/rhysd/actionlint/releases/assets/384924896"
provenance = "github-attestations"

[tools.actionlint."platforms.macos-arm64"]
checksum = "sha256:aba9ced2dee8d27fecca3dc7feb1a7f9a52caefa1eb46f3271ea66b6e0e6953f"
url = "https://github.com/rhysd/actionlint/releases/download/v1.7.12/actionlint_1.7.12_darwin_arm64.tar.gz"
url_api = "https://api.github.com/repos/rhysd/actionlint/releases/assets/384924893"
provenance = "github-attestations"

[tools.actionlint."platforms.macos-x64"]
checksum = "sha256:5b44c3bc2255115c9b69e30efc0fecdf498fdb63c5d58e17084fd5f16324c644"
url = "https://github.com/rhysd/actionlint/releases/download/v1.7.12/actionlint_1.7.12_darwin_amd64.tar.gz"
url_api = "https://api.github.com/repos/rhysd/actionlint/releases/assets/384924880"
provenance = "github-attestations"

[tools.actionlint."platforms.macos-x64-baseline"]
checksum = "sha256:5b44c3bc2255115c9b69e30efc0fecdf498fdb63c5d58e17084fd5f16324c644"
url = "https://github.com/rhysd/actionlint/releases/download/v1.7.12/actionlint_1.7.12_darwin_amd64.tar.gz"
url_api = "https://api.github.com/repos/rhysd/actionlint/releases/assets/384924880"
provenance = "github-attestations"

[tools.actionlint."platforms.windows-x64"]
checksum = "sha256:6e7241b51e6817ea6a047693d8e6fed13b31819c9a0dd6c5a726e1592d22f6e9"
url = "https://github.com/rhysd/actionlint/releases/download/v1.7.12/actionlint_1.7.12_windows_amd64.zip"
url_api = "https://api.github.com/repos/rhysd/actionlint/releases/assets/384924919"
provenance = "github-attestations"

[tools.actionlint."platforms.windows-x64-baseline"]
checksum = "sha256:6e7241b51e6817ea6a047693d8e6fed13b31819c9a0dd6c5a726e1592d22f6e9"
url = "https://github.com/rhysd/actionlint/releases/download/v1.7.12/actionlint_1.7.12_windows_amd64.zip"
url_api = "https://api.github.com/repos/rhysd/actionlint/releases/assets/384924919"
provenance = "github-attestations"

[[tools.bun]]
version = "1.4.2"
backend = "core:bun"

[tools.bun."platforms.linux-arm64"]
checksum = "sha256:54328bbc2d9c8e0c9f892c544d66c57a83b84139e34909e5ee81758f1ac8fda7"
url = "https://github.com/oven-sh/bun/releases/download/bun-v1.4.2/bun-linux-aarch64.zip"

[tools.bun."platforms.linux-arm64-musl"]
checksum = "sha256:71760b6c8ea30623b81a4907cb815d48e2ea266f2e73e751534a44a0607950df"
url = "https://github.com/oven-sh/bun/releases/download/bun-v1.4.2/bun-linux-aarch64-musl.zip"

[tools.bun."platforms.linux-x64"]
checksum = "sha256:36368faef7527875d5ffa52e53cd48021741f2a83eb6208a8dd64068d422a913"
url = "https://github.com/oven-sh/bun/releases/download/bun-v1.4.2/bun-linux-x64.zip"

[tools.bun."platforms.linux-x64-baseline"]
checksum = "sha256:c678040f14fe0440eb839d37cbd0ce4c051a32da72806ac97de6a6aab6bf728f"
url = "https://github.com/oven-sh/bun/releases/download/bun-v1.4.2/bun-linux-x64-baseline.zip"

[tools.bun."platforms.linux-x64-musl"]
checksum = "sha256:4835eca59d6da70f4674f5642f6e459dcadab773695b2ed9922d131057989742"
url = "https://github.com/oven-sh/bun/releases/download/bun-v1.4.2/bun-linux-x64-musl.zip"

[tools.bun."platforms.linux-x64-musl-baseline"]
checksum = "sha256:76e1db84e98f22f78de0a87e309bfbbf297732847f9720db36750646c85c8c18"
url = "https://github.com/oven-sh/bun/releases/download/bun-v1.4.2/bun-linux-x64-musl-baseline.zip"

[tools.bun."platforms.macos-arm64"]
checksum = "sha256:90987a3a16d7db556d886ac3d551e7b6d3edf0a1cf43acaed622e8676be1d12f"
url = "https://github.com/oven-sh/bun/releases/download/bun-v1.4.2/bun-darwin-aarch64.zip"

[tools.bun."platforms.macos-x64"]
checksum = "sha256:80520d7e17526308c9185d261679ac6d27798d3803a0e9f7ff9121ab8affb012"
url = "https://github.com/oven-sh/bun/releases/download/bun-v1.4.2/bun-darwin-x64.zip"

[tools.bun."platforms.macos-x64-baseline"]
checksum = "sha256:bad5bbd6cf14d0980d115f5954c9ff904df619d5e994d2da1ffccd3f316300b0"
url = "https://github.com/oven-sh/bun/releases/download/bun-v1.4.2/bun-darwin-x64-baseline.zip"

[tools.bun."platforms.windows-x64"]
checksum = "sha256:ce4c17497b2f29712a99d3d53f028de28cd42e3bacb8589599e7f000e49b6405"
url = "https://github.com/oven-sh/bun/releases/download/bun-v1.4.2/bun-windows-x64.zip"

[tools.bun."platforms.windows-x64-baseline"]
checksum = "sha256:78c221c2376f79731ccf4e4af0b3bb46d81fefa3296c5abee09ad8a1b21e68c6"
url = "https://github.com/oven-sh/bun/releases/download/bun-v1.4.2/bun-windows-x64-baseline.zip"

[[tools.gitleaks]]
version = "8.30.1"
backend = "aqua:gitleaks/gitleaks"

[tools.gitleaks."platforms.linux-arm64"]
checksum = "sha256:e4a487ee7ccd7d3a7f7ec08657610aa3606637dab924210b3aee62570fb4b080"
url = "https://github.com/gitleaks/gitleaks/releases/download/v8.30.1/gitleaks_8.30.1_linux_arm64.tar.gz"
url_api = "https://api.github.com/repos/gitleaks/gitleaks/releases/assets/378332057"

[tools.gitleaks."platforms.linux-arm64-musl"]
checksum = "sha256:e4a487ee7ccd7d3a7f7ec08657610aa3606637dab924210b3aee62570fb4b080"
url = "https://github.com/gitleaks/gitleaks/releases/download/v8.30.1/gitleaks_8.30.1_linux_arm64.tar.gz"
url_api = "https://api.github.com/repos/gitleaks/gitleaks/releases/assets/378332057"

[tools.gitleaks."platforms.linux-x64"]
checksum = "sha256:551f6fc83ea457d62a0d98237cbad105af8d557003051f41f3e7ca7b3f2470eb"
url = "https://github.com/gitleaks/gitleaks/releases/download/v8.30.1/gitleaks_8.30.1_linux_x64.tar.gz"
url_api = "https://api.github.com/repos/gitleaks/gitleaks/releases/assets/378332058"

[tools.gitleaks."platforms.linux-x64-baseline"]
checksum = "sha256:551f6fc83ea457d62a0d98237cbad105af8d557003051f41f3e7ca7b3f2470eb"
url = "https://github.com/gitleaks/gitleaks/releases/download/v8.30.1/gitleaks_8.30.1_linux_x64.tar.gz"
url_api = "https://api.github.com/repos/gitleaks/gitleaks/releases/assets/378332058"

[tools.gitleaks."platforms.linux-x64-musl"]
checksum = "sha256:551f6fc83ea457d62a0d98237cbad105af8d557003051f41f3e7ca7b3f2470eb"
url = "https://github.com/gitleaks/gitleaks/releases/download/v8.30.1/gitleaks_8.30.1_linux_x64.tar.gz"
url_api = "https://api.github.com/repos/gitleaks/gitleaks/releases/assets/378332058"

[tools.gitleaks."platforms.linux-x64-musl-baseline"]
checksum = "sha256:551f6fc83ea457d62a0d98237cbad105af8d557003051f41f3e7ca7b3f2470eb"
url = "https://github.com/gitleaks/gitleaks/releases/download/v8.30.1/gitleaks_8.30.1_linux_x64.tar.gz"
url_api = "https://api.github.com/repos/gitleaks/gitleaks/releases/assets/378332058"

[tools.gitleaks."platforms.macos-arm64"]
checksum = "sha256:b40ab0ae55c505963e365f271a8d3846efbc170aa17f2607f13df610a9aeb6a5"
url = "https://github.com/gitleaks/gitleaks/releases/download/v8.30.1/gitleaks_8.30.1_darwin_arm64.tar.gz"
url_api = "https://api.github.com/repos/gitleaks/gitleaks/releases/assets/378332059"

[tools.gitleaks."platforms.macos-x64"]
checksum = "sha256:dfe101a4db2255fc85120ac7f3d25e4342c3c20cf749f2c20a18081af1952709"
url = "https://github.com/gitleaks/gitleaks/releases/download/v8.30.1/gitleaks_8.30.1_darwin_x64.tar.gz"
url_api = "https://api.github.com/repos/gitleaks/gitleaks/releases/assets/378332053"

[tools.gitleaks."platforms.macos-x64-baseline"]
checksum = "sha256:dfe101a4db2255fc85120ac7f3d25e4342c3c20cf749f2c20a18081af1952709"
url = "https://github.com/gitleaks/gitleaks/releases/download/v8.30.1/gitleaks_8.30.1_darwin_x64.tar.gz"
url_api = "https://api.github.com/repos/gitleaks/gitleaks/releases/assets/378332053"

[tools.gitleaks."platforms.windows-x64"]
checksum = "sha256:d29144deff3a68aa93ced33dddf84b7fdc26070add4aa0f4513094c8332afc4e"
url = "https://github.com/gitleaks/gitleaks/releases/download/v8.30.1/gitleaks_8.30.1_windows_x64.zip"
url_api = "https://api.github.com/repos/gitleaks/gitleaks/releases/assets/378333178"

[tools.gitleaks."platforms.windows-x64-baseline"]
checksum = "sha256:d29144deff3a68aa93ced33dddf84b7fdc26070add4aa0f4513094c8332afc4e"
url = "https://github.com/gitleaks/gitleaks/releases/download/v8.30.1/gitleaks_8.30.1_windows_x64.zip"
url_api = "https://api.github.com/repos/gitleaks/gitleaks/releases/assets/378333178"

[[tools.lychee]]
version = "0.24.2"
backend = "aqua:lycheeverse/lychee"

[tools.lychee."platforms.linux-arm64"]
checksum = "sha256:91a7bd65685da41b90ccb9bc867a3d649a7818042dae04ff405e55a25bddee4c"
url = "https://github.com/lycheeverse/lychee/releases/download/lychee-v0.24.2/lychee-aarch64-unknown-linux-gnu.tar.gz"
url_api = "https://api.github.com/repos/lycheeverse/lychee/releases/assets/409959442"

[tools.lychee."platforms.linux-arm64-musl"]
checksum = "sha256:5d0b0e3aeab240f41920c633a6eaf97599be6eedda034b36e858ede7dba5e535"
url = "https://github.com/lycheeverse/lychee/releases/download/lychee-v0.24.2/lychee-aarch64-unknown-linux-musl.tar.gz"
url_api = "https://api.github.com/repos/lycheeverse/lychee/releases/assets/409958602"

[tools.lychee."platforms.linux-x64"]
checksum = "sha256:1f4e0ef7f6554a6ed33dd7ac144fb2e1bbed98598e7af973042fc5cd43951c9a"
url = "https://github.com/lycheeverse/lychee/releases/download/lychee-v0.24.2/lychee-x86_64-unknown-linux-gnu.tar.gz"
url_api = "https://api.github.com/repos/lycheeverse/lychee/releases/assets/409959156"

[tools.lychee."platforms.linux-x64-baseline"]
checksum = "sha256:1f4e0ef7f6554a6ed33dd7ac144fb2e1bbed98598e7af973042fc5cd43951c9a"
url = "https://github.com/lycheeverse/lychee/releases/download/lychee-v0.24.2/lychee-x86_64-unknown-linux-gnu.tar.gz"
url_api = "https://api.github.com/repos/lycheeverse/lychee/releases/assets/409959156"

[tools.lychee."platforms.linux-x64-musl"]
checksum = "sha256:73657a111819a30c47c08352896796f23d64e4eb2b3ed39b6d32149241566fc5"
url = "https://github.com/lycheeverse/lychee/releases/download/lychee-v0.24.2/lychee-x86_64-unknown-linux-musl.tar.gz"
url_api = "https://api.github.com/repos/lycheeverse/lychee/releases/assets/409959271"

[tools.lychee."platforms.linux-x64-musl-baseline"]
checksum = "sha256:73657a111819a30c47c08352896796f23d64e4eb2b3ed39b6d32149241566fc5"
url = "https://github.com/lycheeverse/lychee/releases/download/lychee-v0.24.2/lychee-x86_64-unknown-linux-musl.tar.gz"
url_api = "https://api.github.com/repos/lycheeverse/lychee/releases/assets/409959271"

[tools.lychee."platforms.macos-arm64"]
checksum = "sha256:c9d3740ea2d891854d37116c9fba840f37b6e7c89d330e7db84ac333631c4977"
url = "https://github.com/lycheeverse/lychee/releases/download/lychee-v0.24.2/lychee-aarch64-apple-darwin.tar.gz"
url_api = "https://api.github.com/repos/lycheeverse/lychee/releases/assets/409957951"

[tools.lychee."platforms.macos-x64"]
checksum = "sha256:887503a9cff667d322b8d0892b40bf49976eb9507af8483220a3706cdad55978"
url = "https://github.com/lycheeverse/lychee/releases/download/lychee-v0.24.2/lychee-x86_64-apple-darwin.tar.gz"
url_api = "https://api.github.com/repos/lycheeverse/lychee/releases/assets/409957687"

[tools.lychee."platforms.macos-x64-baseline"]
checksum = "sha256:887503a9cff667d322b8d0892b40bf49976eb9507af8483220a3706cdad55978"
url = "https://github.com/lycheeverse/lychee/releases/download/lychee-v0.24.2/lychee-x86_64-apple-darwin.tar.gz"
url_api = "https://api.github.com/repos/lycheeverse/lychee/releases/assets/409957687"

[tools.lychee."platforms.windows-x64"]
checksum = "sha256:32975d1493ee1a975d6bb41e4fb56fe419cb442ded628bb772ba2e614acfacad"
url = "https://github.com/lycheeverse/lychee/releases/download/lychee-v0.24.2/lychee-x86_64-pc-windows-msvc.zip"
url_api = "https://api.github.com/repos/lycheeverse/lychee/releases/assets/409959491"

[tools.lychee."platforms.windows-x64-baseline"]
checksum = "sha256:32975d1493ee1a975d6bb41e4fb56fe419cb442ded628bb772ba2e614acfacad"
url = "https://github.com/lycheeverse/lychee/releases/download/lychee-v0.24.2/lychee-x86_64-pc-windows-msvc.zip"
url_api = "https://api.github.com/repos/lycheeverse/lychee/releases/assets/409959491"

[[tools.minisign]]
version = "0.12"
backend = "aqua:jedisct1/minisign"

[tools.minisign."platforms.linux-x64"]
checksum = "sha256:9a599b48ba6eb7b1e80f12f36b94ceca7c00b7a5173c95c3efc88d9822957e73"
url = "https://github.com/jedisct1/minisign/releases/download/0.12/minisign-0.12-linux.tar.gz"
url_api = "https://api.github.com/repos/jedisct1/minisign/releases/assets/220886623"
provenance = "minisign"

[tools.minisign."platforms.linux-x64-baseline"]
checksum = "sha256:9a599b48ba6eb7b1e80f12f36b94ceca7c00b7a5173c95c3efc88d9822957e73"
url = "https://github.com/jedisct1/minisign/releases/download/0.12/minisign-0.12-linux.tar.gz"
url_api = "https://api.github.com/repos/jedisct1/minisign/releases/assets/220886623"
provenance = "minisign"

[tools.minisign."platforms.linux-x64-musl"]
checksum = "sha256:9a599b48ba6eb7b1e80f12f36b94ceca7c00b7a5173c95c3efc88d9822957e73"
url = "https://github.com/jedisct1/minisign/releases/download/0.12/minisign-0.12-linux.tar.gz"
url_api = "https://api.github.com/repos/jedisct1/minisign/releases/assets/220886623"
provenance = "minisign"

[tools.minisign."platforms.linux-x64-musl-baseline"]
checksum = "sha256:9a599b48ba6eb7b1e80f12f36b94ceca7c00b7a5173c95c3efc88d9822957e73"
url = "https://github.com/jedisct1/minisign/releases/download/0.12/minisign-0.12-linux.tar.gz"
url_api = "https://api.github.com/repos/jedisct1/minisign/releases/assets/220886623"
provenance = "minisign"

[tools.minisign."platforms.macos-arm64"]
checksum = "sha256:89000b19535765f9cffc65a65d64a820f433ef6db8020667f7570e06bf6aac63"
url = "https://github.com/jedisct1/minisign/releases/download/0.12/minisign-0.12-macos.zip"
url_api = "https://api.github.com/repos/jedisct1/minisign/releases/assets/220895743"
provenance = "minisign"

[tools.minisign."platforms.windows-x64"]
checksum = "sha256:37b600344e20c19314b2e82813db2bfdcc408b77b876f7727889dbd46d539479"
url = "https://github.com/jedisct1/minisign/releases/download/0.12/minisign-0.12-win64.zip"
url_api = "https://api.github.com/repos/jedisct1/minisign/releases/assets/220886631"
provenance = "minisign"

[tools.minisign."platforms.windows-x64-baseline"]
checksum = "sha256:37b600344e20c19314b2e82813db2bfdcc408b77b876f7727889dbd46d539479"
url = "https://github.com/jedisct1/minisign/releases/download/0.12/minisign-0.12-win64.zip"
url_api = "https://api.github.com/repos/jedisct1/minisign/releases/assets/220886631"
provenance = "minisign"

[[tools.osv-scanner]]
version = "2.6.0"
backend = "aqua:google/osv-scanner"

[tools.osv-scanner."platforms.linux-arm64"]
checksum = "sha256:2c71403eb443d05891c4f268c3ad771cf4f16e5443463fd7851ef8f454d3c7e4"
url = "https://github.com/google/osv-scanner/releases/download/v2.6.0/osv-scanner_linux_arm64"
url_api = "https://api.github.com/repos/google/osv-scanner/releases/assets/562414650"

[tools.osv-scanner."platforms.linux-arm64".provenance.slsa]
url = "https://github.com/google/osv-scanner/releases/download/v2.6.0/multiple.intoto.jsonl"

[tools.osv-scanner."platforms.linux-arm64-musl"]
checksum = "sha256:2c71403eb443d05891c4f268c3ad771cf4f16e5443463fd7851ef8f454d3c7e4"
url = "https://github.com/google/osv-scanner/releases/download/v2.6.0/osv-scanner_linux_arm64"
url_api = "https://api.github.com/repos/google/osv-scanner/releases/assets/562414650"

[tools.osv-scanner."platforms.linux-arm64-musl".provenance.slsa]
url = "https://github.com/google/osv-scanner/releases/download/v2.6.0/multiple.intoto.jsonl"

[tools.osv-scanner."platforms.linux-x64"]
checksum = "sha256:ca69b3d3cd08f889a49dc0a383122f71cc528b83803671df5fd874d97485b108"
url = "https://github.com/google/osv-scanner/releases/download/v2.6.0/osv-scanner_linux_amd64"
url_api = "https://api.github.com/repos/google/osv-scanner/releases/assets/562414718"

[tools.osv-scanner."platforms.linux-x64".provenance.slsa]
url = "https://github.com/google/osv-scanner/releases/download/v2.6.0/multiple.intoto.jsonl"

[tools.osv-scanner."platforms.linux-x64-baseline"]
checksum = "sha256:ca69b3d3cd08f889a49dc0a383122f71cc528b83803671df5fd874d97485b108"
url = "https://github.com/google/osv-scanner/releases/download/v2.6.0/osv-scanner_linux_amd64"
url_api = "https://api.github.com/repos/google/osv-scanner/releases/assets/562414718"

[tools.osv-scanner."platforms.linux-x64-baseline".provenance.slsa]
url = "https://github.com/google/osv-scanner/releases/download/v2.6.0/multiple.intoto.jsonl"

[tools.osv-scanner."platforms.linux-x64-musl"]
checksum = "sha256:ca69b3d3cd08f889a49dc0a383122f71cc528b83803671df5fd874d97485b108"
url = "https://github.com/google/osv-scanner/releases/download/v2.6.0/osv-scanner_linux_amd64"
url_api = "https://api.github.com/repos/google/osv-scanner/releases/assets/562414718"

[tools.osv-scanner."platforms.linux-x64-musl".provenance.slsa]
url = "https://github.com/google/osv-scanner/releases/download/v2.6.0/multiple.intoto.jsonl"

[tools.osv-scanner."platforms.linux-x64-musl-baseline"]
checksum = "sha256:ca69b3d3cd08f889a49dc0a383122f71cc528b83803671df5fd874d97485b108"
url = "https://github.com/google/osv-scanner/releases/download/v2.6.0/osv-scanner_linux_amd64"
url_api = "https://api.github.com/repos/google/osv-scanner/releases/assets/562414718"

[tools.osv-scanner."platforms.linux-x64-musl-baseline".provenance.slsa]
url = "https://github.com/google/osv-scanner/releases/download/v2.6.0/multiple.intoto.jsonl"

[tools.osv-scanner."platforms.macos-arm64"]
checksum = "sha256:98c460dcd37de25819babd757d04542045b6243113e209edcd4d89fedb0256b4"
url = "https://github.com/google/osv-scanner/releases/download/v2.6.0/osv-scanner_darwin_arm64"
url_api = "https://api.github.com/repos/google/osv-scanner/releases/assets/562414648"

[tools.osv-scanner."platforms.macos-arm64".provenance.slsa]
url = "https://github.com/google/osv-scanner/releases/download/v2.6.0/multiple.intoto.jsonl"

[tools.osv-scanner."platforms.macos-x64"]
checksum = "sha256:60c5296637e977b28eeda5c7f13573e447659a632922737f94d11fa7e30ad6ca"
url = "https://github.com/google/osv-scanner/releases/download/v2.6.0/osv-scanner_darwin_amd64"
url_api = "https://api.github.com/repos/google/osv-scanner/releases/assets/562414712"

[tools.osv-scanner."platforms.macos-x64".provenance.slsa]
url = "https://github.com/google/osv-scanner/releases/download/v2.6.0/multiple.intoto.jsonl"

[tools.osv-scanner."platforms.macos-x64-baseline"]
checksum = "sha256:60c5296637e977b28eeda5c7f13573e447659a632922737f94d11fa7e30ad6ca"
url = "https://github.com/google/osv-scanner/releases/download/v2.6.0/osv-scanner_darwin_amd64"
url_api = "https://api.github.com/repos/google/osv-scanner/releases/assets/562414712"

[tools.osv-scanner."platforms.macos-x64-baseline".provenance.slsa]
url = "https://github.com/google/osv-scanner/releases/download/v2.6.0/multiple.intoto.jsonl"

[tools.osv-scanner."platforms.windows-x64"]
checksum = "sha256:e0ed7644118b717b028c249ee9d3515024e55e8510747ca08906eb96765354d6"
url = "https://github.com/google/osv-scanner/releases/download/v2.6.0/osv-scanner_windows_amd64.exe"
url_api = "https://api.github.com/repos/google/osv-scanner/releases/assets/562414649"

[tools.osv-scanner."platforms.windows-x64".provenance.slsa]
url = "https://github.com/google/osv-scanner/releases/download/v2.6.0/multiple.intoto.jsonl"

[tools.osv-scanner."platforms.windows-x64-baseline"]
checksum = "sha256:e0ed7644118b717b028c249ee9d3515024e55e8510747ca08906eb96765354d6"
url = "https://github.com/google/osv-scanner/releases/download/v2.6.0/osv-scanner_windows_amd64.exe"
url_api = "https://api.github.com/repos/google/osv-scanner/releases/assets/562414649"

[tools.osv-scanner."platforms.windows-x64-baseline".provenance.slsa]
url = "https://github.com/google/osv-scanner/releases/download/v2.6.0/multiple.intoto.jsonl"

[[tools.prek]]
version = "0.5.2"
backend = "aqua:j178/prek"

[tools.prek."platforms.linux-arm64"]
checksum = "sha256:e9fb7d5e1ecab022c897ffdaa347a96a898c932584f03c8546c9965acb9d5a33"
url = "https://github.com/j178/prek/releases/download/v0.5.2/prek-aarch64-unknown-linux-gnu.tar.gz"
url_api = "https://api.github.com/repos/j178/prek/releases/assets/541547305"
provenance = "github-attestations"

[tools.prek."platforms.linux-arm64-musl"]
checksum = "sha256:ffc9334cdac13b2df716d391353d5e8307c06a08c135b844dabd3781c4c6518b"
url = "https://github.com/j178/prek/releases/download/v0.5.2/prek-aarch64-unknown-linux-musl.tar.gz"
url_api = "https://api.github.com/repos/j178/prek/releases/assets/541547315"
provenance = "github-attestations"

[tools.prek."platforms.linux-x64"]
checksum = "sha256:a4d51a463cb15ee2929368cc4884eec4ef33dce3ff5101b40e8ad7e1205b8f40"
url = "https://github.com/j178/prek/releases/download/v0.5.2/prek-x86_64-unknown-linux-gnu.tar.gz"
url_api = "https://api.github.com/repos/j178/prek/releases/assets/541547346"
provenance = "github-attestations"

[tools.prek."platforms.linux-x64-baseline"]
checksum = "sha256:a4d51a463cb15ee2929368cc4884eec4ef33dce3ff5101b40e8ad7e1205b8f40"
url = "https://github.com/j178/prek/releases/download/v0.5.2/prek-x86_64-unknown-linux-gnu.tar.gz"
url_api = "https://api.github.com/repos/j178/prek/releases/assets/541547346"
provenance = "github-attestations"

[tools.prek."platforms.linux-x64-musl"]
checksum = "sha256:6b4f5c74a621d71f8dba09a9c0669f0d9488207805861c8a7d5f6b15201d4771"
url = "https://github.com/j178/prek/releases/download/v0.5.2/prek-x86_64-unknown-linux-musl.tar.gz"
url_api = "https://api.github.com/repos/j178/prek/releases/assets/541547355"
provenance = "github-attestations"

[tools.prek."platforms.linux-x64-musl-baseline"]
checksum = "sha256:6b4f5c74a621d71f8dba09a9c0669f0d9488207805861c8a7d5f6b15201d4771"
url = "https://github.com/j178/prek/releases/download/v0.5.2/prek-x86_64-unknown-linux-musl.tar.gz"
url_api = "https://api.github.com/repos/j178/prek/releases/assets/541547355"
provenance = "github-attestations"

[tools.prek."platforms.macos-arm64"]
checksum = "sha256:f3ef7692f8873c36d9437c77389833d3165fbe705ea66e53e169d83a89055f9b"
url = "https://github.com/j178/prek/releases/download/v0.5.2/prek-aarch64-apple-darwin.tar.gz"
url_api = "https://api.github.com/repos/j178/prek/releases/assets/541547294"
provenance = "github-attestations"

[tools.prek."platforms.macos-x64"]
checksum = "sha256:5dfd123b8cf15f51dc8cbff6f12b674448b19a684ff1696db20f963ec2417e11"
url = "https://github.com/j178/prek/releases/download/v0.5.2/prek-x86_64-apple-darwin.tar.gz"
url_api = "https://api.github.com/repos/j178/prek/releases/assets/541547333"
provenance = "github-attestations"

[tools.prek."platforms.macos-x64-baseline"]
checksum = "sha256:5dfd123b8cf15f51dc8cbff6f12b674448b19a684ff1696db20f963ec2417e11"
url = "https://github.com/j178/prek/releases/download/v0.5.2/prek-x86_64-apple-darwin.tar.gz"
url_api = "https://api.github.com/repos/j178/prek/releases/assets/541547333"
provenance = "github-attestations"

[tools.prek."platforms.windows-x64"]
checksum = "sha256:03b6a7261d3a7e2d184ceca9c7e5fcb43b9dec83c8945976cddc3caa8b34b4c0"
url = "https://github.com/j178/prek/releases/download/v0.5.2/prek-x86_64-pc-windows-msvc.zip"
url_api = "https://api.github.com/repos/j178/prek/releases/assets/541547341"
provenance = "github-attestations"

[tools.prek."platforms.windows-x64-baseline"]
checksum = "sha256:03b6a7261d3a7e2d184ceca9c7e5fcb43b9dec83c8945976cddc3caa8b34b4c0"
url = "https://github.com/j178/prek/releases/download/v0.5.2/prek-x86_64-pc-windows-msvc.zip"
url_api = "https://api.github.com/repos/j178/prek/releases/assets/541547341"
provenance = "github-attestations"

[[tools.python]]
version = "3.14.7"
backend = "core:python"

[tools.python."platforms.linux-arm64"]
checksum = "sha256:8a0798baa8a2c27b5751d590aced543eaa85e20b3f73d93c1af049688acdc9c5"
url = "https://github.com/astral-sh/python-build-standalone/releases/download/20260901/cpython-3.14.7+20260901-aarch64-unknown-linux-gnu-install_only_stripped.tar.gz"
provenance = "github-attestations"

[tools.python."platforms.linux-arm64-musl"]
checksum = "sha256:701c31d72187242302922a29f3bc6023ceb68b6b68fb8d4ed7568d1e6ef34548"
url = "https://github.com/astral-sh/python-build-standalone/releases/download/20260901/cpython-3.14.7+20260901-aarch64-unknown-linux-musl-install_only_stripped.tar.gz"
provenance = "github-attestations"

[tools.python."platforms.linux-x64"]
checksum = "sha256:3959f92825141e04adf44982d3a83ee57af0877e893b0796e04c1468749d9b04"
url = "https://github.com/astral-sh/python-build-standalone/releases/download/20260901/cpython-3.14.7+20260901-x86_64-unknown-linux-gnu-install_only_stripped.tar.gz"
provenance = "github-attestations"

[tools.python."platforms.linux-x64-baseline"]
checksum = "sha256:3959f92825141e04adf44982d3a83ee57af0877e893b0796e04c1468749d9b04"
url = "https://github.com/astral-sh/python-build-standalone/releases/download/20260901/cpython-3.14.7+20260901-x86_64-unknown-linux-gnu-install_only_stripped.tar.gz"
provenance = "github-attestations"

[tools.python."platforms.linux-x64-musl"]
checksum = "sha256:c773f8a7357c0d1a29e208a14bc16386731ca9c0d2e51f1b6741967fb0632cdc"
url = "https://github.com/astral-sh/python-build-standalone/releases/download/20260901/cpython-3.14.7+20260901-x86_64-unknown-linux-musl-install_only_stripped.tar.gz"
provenance = "github-attestations"

[tools.python."platforms.linux-x64-musl-baseline"]
checksum = "sha256:c773f8a7357c0d1a29e208a14bc16386731ca9c0d2e51f1b6741967fb0632cdc"
url = "https://github.com/astral-sh/python-build-standalone/releases/download/20260901/cpython-3.14.7+20260901-x86_64-unknown-linux-musl-install_only_stripped.tar.gz"
provenance = "github-attestations"

[tools.python."platforms.macos-arm64"]
checksum = "sha256:4632cb1a6edad9e73d3c81b6d2e69131637d995173e3e85005df14102b0592ba"
url = "https://github.com/astral-sh/python-build-standalone/releases/download/20260901/cpython-3.14.7+20260901-aarch64-apple-darwin-install_only_stripped.tar.gz"
provenance = "github-attestations"

[tools.python."platforms.macos-x64"]
checksum = "sha256:7e151a7c9028855b61a7d6e78381f2020a1ef185281399f3b1aafc5e1c9a1a64"
url = "https://github.com/astral-sh/python-build-standalone/releases/download/20260901/cpython-3.14.7+20260901-x86_64-apple-darwin-install_only_stripped.tar.gz"
provenance = "github-attestations"

[tools.python."platforms.macos-x64-baseline"]
checksum = "sha256:7e151a7c9028855b61a7d6e78381f2020a1ef185281399f3b1aafc5e1c9a1a64"
url = "https://github.com/astral-sh/python-build-standalone/releases/download/20260901/cpython-3.14.7+20260901-x86_64-apple-darwin-install_only_stripped.tar.gz"
provenance = "github-attestations"

[tools.python."platforms.windows-x64"]
checksum = "sha256:ca3c33ca924dfcab3b74205a7a58a88b0255135c53f95497b26b5e60700fd66d"
url = "https://github.com/astral-sh/python-build-standalone/releases/download/20260901/cpython-3.14.7+20260901-x86_64-pc-windows-msvc-install_only_stripped.tar.gz"
provenance = "github-attestations"

[tools.python."platforms.windows-x64-baseline"]
checksum = "sha256:ca3c33ca924dfcab3b74205a7a58a88b0255135c53f95497b26b5e60700fd66d"
url = "https://github.com/astral-sh/python-build-standalone/releases/download/20260901/cpython-3.14.7+20260901-x86_64-pc-windows-msvc-install_only_stripped.tar.gz"
provenance = "github-attestations"

[[tools.python]]
version = "3.9.25"
backend = "core:python"

[tools.python."platforms.linux-arm64"]
checksum = "sha256:2f17406709afd0f07674dd3ce92a4b23c6adf8baac3f402555d192e0f3333bef"
url = "https://github.com/astral-sh/python-build-standalone/releases/download/20251031/cpython-3.9.25+20251031-aarch64-unknown-linux-gnu-install_only_stripped.tar.gz"
provenance = "github-attestations"

[tools.python."platforms.linux-arm64-musl"]
checksum = "sha256:602e2bf8ddc335df82d09d64b0bddf722194af27db45503b98b9c163f8a22672"
url = "https://github.com/astral-sh/python-build-standalone/releases/download/20251031/cpython-3.9.25+20251031-aarch64-unknown-linux-musl-install_only_stripped.tar.gz"
provenance = "github-attestations"

[tools.python."platforms.linux-x64"]
checksum = "sha256:fe04e8b27bd69ca2144fc542428f8b9b5287b6a2e45516a4acfe2c2bc3102773"
url = "https://github.com/astral-sh/python-build-standalone/releases/download/20251031/cpython-3.9.25+20251031-x86_64-unknown-linux-gnu-install_only_stripped.tar.gz"
provenance = "github-attestations"

[tools.python."platforms.linux-x64-baseline"]
checksum = "sha256:fe04e8b27bd69ca2144fc542428f8b9b5287b6a2e45516a4acfe2c2bc3102773"
url = "https://github.com/astral-sh/python-build-standalone/releases/download/20251031/cpython-3.9.25+20251031-x86_64-unknown-linux-gnu-install_only_stripped.tar.gz"
provenance = "github-attestations"

[tools.python."platforms.linux-x64-musl"]
checksum = "sha256:255581699cfbea492318e579cec93252410cfd30fba800fa6abdea8a2c239c5e"
url = "https://github.com/astral-sh/python-build-standalone/releases/download/20251031/cpython-3.9.25+20251031-x86_64-unknown-linux-musl-install_only_stripped.tar.gz"
provenance = "github-attestations"

[tools.python."platforms.linux-x64-musl-baseline"]
checksum = "sha256:255581699cfbea492318e579cec93252410cfd30fba800fa6abdea8a2c239c5e"
url = "https://github.com/astral-sh/python-build-standalone/releases/download/20251031/cpython-3.9.25+20251031-x86_64-unknown-linux-musl-install_only_stripped.tar.gz"
provenance = "github-attestations"

[tools.python."platforms.macos-arm64"]
checksum = "sha256:1dca0e37d56b7da3ec6a7d2f75cc72a2df3bd05751606300934b2dc6fd7026ea"
url = "https://github.com/astral-sh/python-build-standalone/releases/download/20251031/cpython-3.9.25+20251031-aarch64-apple-darwin-install_only_stripped.tar.gz"
provenance = "github-attestations"

[tools.python."platforms.macos-x64"]
checksum = "sha256:ae1f63f9597a9c29c83a550bc34a6a0f6e1e4d380244557d803e6d3aace31069"
url = "https://github.com/astral-sh/python-build-standalone/releases/download/20251031/cpython-3.9.25+20251031-x86_64-apple-darwin-install_only_stripped.tar.gz"
provenance = "github-attestations"

[tools.python."platforms.macos-x64-baseline"]
checksum = "sha256:ae1f63f9597a9c29c83a550bc34a6a0f6e1e4d380244557d803e6d3aace31069"
url = "https://github.com/astral-sh/python-build-standalone/releases/download/20251031/cpython-3.9.25+20251031-x86_64-apple-darwin-install_only_stripped.tar.gz"
provenance = "github-attestations"

[tools.python."platforms.windows-x64"]
checksum = "sha256:6898722ab4242e304daf1490e2545bee7e7befacef82a9362f9496c0ee616ece"
url = "https://github.com/astral-sh/python-build-standalone/releases/download/20251031/cpython-3.9.25+20251031-x86_64-pc-windows-msvc-install_only_stripped.tar.gz"
provenance = "github-attestations"

[tools.python."platforms.windows-x64-baseline"]
checksum = "sha256:6898722ab4242e304daf1490e2545bee7e7befacef82a9362f9496c0ee616ece"
url = "https://github.com/astral-sh/python-build-standalone/releases/download/20251031/cpython-3.9.25+20251031-x86_64-pc-windows-msvc-install_only_stripped.tar.gz"
provenance = "github-attestations"

[[tools.shellcheck]]
version = "0.11.0"
backend = "aqua:koalaman/shellcheck"

[tools.shellcheck."platforms.linux-arm64"]
checksum = "sha256:12b331c1d2db6b9eb13cfca64306b1b157a86eb69db83023e261eaa7e7c14588"
url = "https://github.com/koalaman/shellcheck/releases/download/v0.11.0/shellcheck-v0.11.0.linux.aarch64.tar.xz"
url_api = "https://api.github.com/repos/koalaman/shellcheck/releases/assets/279056934"

[tools.shellcheck."platforms.linux-arm64-musl"]
checksum = "sha256:12b331c1d2db6b9eb13cfca64306b1b157a86eb69db83023e261eaa7e7c14588"
url = "https://github.com/koalaman/shellcheck/releases/download/v0.11.0/shellcheck-v0.11.0.linux.aarch64.tar.xz"
url_api = "https://api.github.com/repos/koalaman/shellcheck/releases/assets/279056934"

[tools.shellcheck."platforms.linux-x64"]
checksum = "sha256:8c3be12b05d5c177a04c29e3c78ce89ac86f1595681cab149b65b97c4e227198"
url = "https://github.com/koalaman/shellcheck/releases/download/v0.11.0/shellcheck-v0.11.0.linux.x86_64.tar.xz"
url_api = "https://api.github.com/repos/koalaman/shellcheck/releases/assets/279056942"

[tools.shellcheck."platforms.linux-x64-baseline"]
checksum = "sha256:8c3be12b05d5c177a04c29e3c78ce89ac86f1595681cab149b65b97c4e227198"
url = "https://github.com/koalaman/shellcheck/releases/download/v0.11.0/shellcheck-v0.11.0.linux.x86_64.tar.xz"
url_api = "https://api.github.com/repos/koalaman/shellcheck/releases/assets/279056942"

[tools.shellcheck."platforms.linux-x64-musl"]
checksum = "sha256:8c3be12b05d5c177a04c29e3c78ce89ac86f1595681cab149b65b97c4e227198"
url = "https://github.com/koalaman/shellcheck/releases/download/v0.11.0/shellcheck-v0.11.0.linux.x86_64.tar.xz"
url_api = "https://api.github.com/repos/koalaman/shellcheck/releases/assets/279056942"

[tools.shellcheck."platforms.linux-x64-musl-baseline"]
checksum = "sha256:8c3be12b05d5c177a04c29e3c78ce89ac86f1595681cab149b65b97c4e227198"
url = "https://github.com/koalaman/shellcheck/releases/download/v0.11.0/shellcheck-v0.11.0.linux.x86_64.tar.xz"
url_api = "https://api.github.com/repos/koalaman/shellcheck/releases/assets/279056942"

[tools.shellcheck."platforms.macos-arm64"]
checksum = "sha256:56affdd8de5527894dca6dc3d7e0a99a873b0f004d7aabc30ae407d3f48b0a79"
url = "https://github.com/koalaman/shellcheck/releases/download/v0.11.0/shellcheck-v0.11.0.darwin.aarch64.tar.xz"
url_api = "https://api.github.com/repos/koalaman/shellcheck/releases/assets/279056932"

[tools.shellcheck."platforms.macos-x64"]
checksum = "sha256:3c89db4edcab7cf1c27bff178882e0f6f27f7afdf54e859fa041fca10febe4c6"
url = "https://github.com/koalaman/shellcheck/releases/download/v0.11.0/shellcheck-v0.11.0.darwin.x86_64.tar.xz"
url_api = "https://api.github.com/repos/koalaman/shellcheck/releases/assets/279056930"

[tools.shellcheck."platforms.macos-x64-baseline"]
checksum = "sha256:3c89db4edcab7cf1c27bff178882e0f6f27f7afdf54e859fa041fca10febe4c6"
url = "https://github.com/koalaman/shellcheck/releases/download/v0.11.0/shellcheck-v0.11.0.darwin.x86_64.tar.xz"
url_api = "https://api.github.com/repos/koalaman/shellcheck/releases/assets/279056930"

[tools.shellcheck."platforms.windows-x64"]
checksum = "sha256:8a4e35ab0b331c85d73567b12f2a444df187f483e5079ceffa6bda1faa2e740e"
url = "https://github.com/koalaman/shellcheck/releases/download/v0.11.0/shellcheck-v0.11.0.zip"
url_api = "https://api.github.com/repos/koalaman/shellcheck/releases/assets/279056944"

[tools.shellcheck."platforms.windows-x64-baseline"]
checksum = "sha256:8a4e35ab0b331c85d73567b12f2a444df187f483e5079ceffa6bda1faa2e740e"
url = "https://github.com/koalaman/shellcheck/releases/download/v0.11.0/shellcheck-v0.11.0.zip"
url_api = "https://api.github.com/repos/koalaman/shellcheck/releases/assets/279056944"

[[tools.uv]]
version = "0.12.13"
backend = "aqua:astral-sh/uv"

[tools.uv."platforms.linux-arm64"]
checksum = "sha256:2eaa5d94f5db7b3a1a092156b9420459e42ab0217d917fe74a876309cef9b5e9"
url = "https://github.com/astral-sh/uv/releases/download/0.12.13/uv-aarch64-unknown-linux-gnu.tar.gz"
url_api = "https://api.github.com/repos/astral-sh/uv/releases/assets/555670186"
provenance = "github-attestations"

[tools.uv."platforms.linux-arm64-musl"]
checksum = "sha256:f44bc1037a17889fe562fffd2002d4ed108e499fbe68b4f022af244dc7b8244f"
url = "https://github.com/astral-sh/uv/releases/download/0.12.13/uv-aarch64-unknown-linux-musl.tar.gz"
url_api = "https://api.github.com/repos/astral-sh/uv/releases/assets/555670202"
provenance = "github-attestations"

[tools.uv."platforms.linux-x64"]
checksum = "sha256:745765a3b6e360ad76743599ae5c42e9278c7edf8bbff9fc76d05bf2623a04dd"
url = "https://github.com/astral-sh/uv/releases/download/0.12.13/uv-x86_64-unknown-linux-gnu.tar.gz"
url_api = "https://api.github.com/repos/astral-sh/uv/releases/assets/555670375"
provenance = "github-attestations"

[tools.uv."platforms.linux-x64-baseline"]
checksum = "sha256:745765a3b6e360ad76743599ae5c42e9278c7edf8bbff9fc76d05bf2623a04dd"
url = "https://github.com/astral-sh/uv/releases/download/0.12.13/uv-x86_64-unknown-linux-gnu.tar.gz"
url_api = "https://api.github.com/repos/astral-sh/uv/releases/assets/555670375"
provenance = "github-attestations"

[tools.uv."platforms.linux-x64-musl"]
checksum = "sha256:4e2bfd0c9007b1032a50e539e965fd0a6037d87ad93ae1580d220a92d4c94098"
url = "https://github.com/astral-sh/uv/releases/download/0.12.13/uv-x86_64-unknown-linux-musl.tar.gz"
url_api = "https://api.github.com/repos/astral-sh/uv/releases/assets/555670382"
provenance = "github-attestations"

[tools.uv."platforms.linux-x64-musl-baseline"]
checksum = "sha256:4e2bfd0c9007b1032a50e539e965fd0a6037d87ad93ae1580d220a92d4c94098"
url = "https://github.com/astral-sh/uv/releases/download/0.12.13/uv-x86_64-unknown-linux-musl.tar.gz"
url_api = "https://api.github.com/repos/astral-sh/uv/releases/assets/555670382"
provenance = "github-attestations"

[tools.uv."platforms.macos-arm64"]
checksum = "sha256:7e6ddb9316acc00f2296c82ff4d99977870ee34b2f0ddcae9444d714db9364ed"
url = "https://github.com/astral-sh/uv/releases/download/0.12.13/uv-aarch64-apple-darwin.tar.gz"
url_api = "https://api.github.com/repos/astral-sh/uv/releases/assets/555670160"
provenance = "github-attestations"

[tools.uv."platforms.macos-x64"]
checksum = "sha256:5e287ef61cb6a9b61b3a83fef124fd143e400468a7dac794230147a810e17119"
url = "https://github.com/astral-sh/uv/releases/download/0.12.13/uv-x86_64-apple-darwin.tar.gz"
url_api = "https://api.github.com/repos/astral-sh/uv/releases/assets/555670348"
provenance = "github-attestations"

[tools.uv."platforms.macos-x64-baseline"]
checksum = "sha256:5e287ef61cb6a9b61b3a83fef124fd143e400468a7dac794230147a810e17119"
url = "https://github.com/astral-sh/uv/releases/download/0.12.13/uv-x86_64-apple-darwin.tar.gz"
url_api = "https://api.github.com/repos/astral-sh/uv/releases/assets/555670348"
provenance = "github-attestations"

[tools.uv."platforms.windows-x64"]
checksum = "sha256:a86c9dc7bad9b03f388583b7187c05fe9951c2e0d392217e8fd43d97787f6ec2"
url = "https://github.com/astral-sh/uv/releases/download/0.12.13/uv-x86_64-pc-windows-msvc.zip"
url_api = "https://api.github.com/repos/astral-sh/uv/releases/assets/555670362"
provenance = "github-attestations"

[tools.uv."platforms.windows-x64-baseline"]
checksum = "sha256:a86c9dc7bad9b03f388583b7187c05fe9951c2e0d392217e8fd43d97787f6ec2"
url = "https://github.com/astral-sh/uv/releases/download/0.12.13/uv-x86_64-pc-windows-msvc.zip"
url_api = "https://api.github.com/repos/astral-sh/uv/releases/assets/555670362"
provenance = "github-attestations"

[[tools.vale]]
version = "3.20.0"
backend = "aqua:vale-cli/vale"

[tools.vale."platforms.linux-arm64"]
checksum = "sha256:d49e89479a40dbe6a6fe44a2963abef0ee39d89453f3c7100bdd1c5dd0708961"
url = "https://github.com/vale-cli/vale/releases/download/v3.20.0/vale_3.20.0_Linux_arm64.tar.gz"
url_api = "https://api.github.com/repos/vale-cli/vale/releases/assets/541889563"

[tools.vale."platforms.linux-arm64-musl"]
checksum = "sha256:d49e89479a40dbe6a6fe44a2963abef0ee39d89453f3c7100bdd1c5dd0708961"
url = "https://github.com/vale-cli/vale/releases/download/v3.20.0/vale_3.20.0_Linux_arm64.tar.gz"
url_api = "https://api.github.com/repos/vale-cli/vale/releases/assets/541889563"

[tools.vale."platforms.linux-x64"]
checksum = "sha256:f59e7030c5d4ace6cf915497d0d076a1699d61e876142765963237e6867c9712"
url = "https://github.com/vale-cli/vale/releases/download/v3.20.0/vale_3.20.0_Linux_64-bit.tar.gz"
url_api = "https://api.github.com/repos/vale-cli/vale/releases/assets/541889564"

[tools.vale."platforms.linux-x64-baseline"]
checksum = "sha256:f59e7030c5d4ace6cf915497d0d076a1699d61e876142765963237e6867c9712"
url = "https://github.com/vale-cli/vale/releases/download/v3.20.0/vale_3.20.0_Linux_64-bit.tar.gz"
url_api = "https://api.github.com/repos/vale-cli/vale/releases/assets/541889564"

[tools.vale."platforms.linux-x64-musl"]
checksum = "sha256:f59e7030c5d4ace6cf915497d0d076a1699d61e876142765963237e6867c9712"
url = "https://github.com/vale-cli/vale/releases/download/v3.20.0/vale_3.20.0_Linux_64-bit.tar.gz"
url_api = "https://api.github.com/repos/vale-cli/vale/releases/assets/541889564"

[tools.vale."platforms.linux-x64-musl-baseline"]
checksum = "sha256:f59e7030c5d4ace6cf915497d0d076a1699d61e876142765963237e6867c9712"
url = "https://github.com/vale-cli/vale/releases/download/v3.20.0/vale_3.20.0_Linux_64-bit.tar.gz"
url_api = "https://api.github.com/repos/vale-cli/vale/releases/assets/541889564"

[tools.vale."platforms.macos-arm64"]
checksum = "sha256:6b32df1a7d7b2ab01c07c1c4dd5fd84d775ac7a8f4101084cb5cc7df76bdc65e"
url = "https://github.com/vale-cli/vale/releases/download/v3.20.0/vale_3.20.0_macOS_arm64.tar.gz"
url_api = "https://api.github.com/repos/vale-cli/vale/releases/assets/541889565"

[tools.vale."platforms.macos-x64"]
checksum = "sha256:8d51cbe9ca6274fade890fc943b30dc564071dcb8fd8814abce2d0dca37fbba7"
url = "https://github.com/vale-cli/vale/releases/download/v3.20.0/vale_3.20.0_macOS_64-bit.tar.gz"
url_api = "https://api.github.com/repos/vale-cli/vale/releases/assets/541889566"

[tools.vale."platforms.macos-x64-baseline"]
checksum = "sha256:8d51cbe9ca6274fade890fc943b30dc564071dcb8fd8814abce2d0dca37fbba7"
url = "https://github.com/vale-cli/vale/releases/download/v3.20.0/vale_3.20.0_macOS_64-bit.tar.gz"
url_api = "https://api.github.com/repos/vale-cli/vale/releases/assets/541889566"

[tools.vale."platforms.windows-x64"]
checksum = "sha256:189b3511813a428f08a2be0d7692e50dd6e90dd81b2f8e04dbfbfe42cafd9980"
url = "https://github.com/vale-cli/vale/releases/download/v3.20.0/vale_3.20.0_Windows_64-bit.zip"
url_api = "https://api.github.com/repos/vale-cli/vale/releases/assets/541889574"

[tools.vale."platforms.windows-x64-baseline"]
checksum = "sha256:189b3511813a428f08a2be0d7692e50dd6e90dd81b2f8e04dbfbfe42cafd9980"
url = "https://github.com/vale-cli/vale/releases/download/v3.20.0/vale_3.20.0_Windows_64-bit.zip"
url_api = "https://api.github.com/repos/vale-cli/vale/releases/assets/541889574"

[[tools.zizmor]]
version = "1.30.1"
backend = "aqua:zizmorcore/zizmor"

[tools.zizmor."platforms.linux-arm64"]
checksum = "sha256:7ff1dce33bdd18fd2a4affe63bdd47efcccca97b2cec1c1863ec26e9e2647540"
url = "https://github.com/zizmorcore/zizmor/releases/download/v1.30.1/zizmor-aarch64-unknown-linux-gnu.tar.gz"
url_api = "https://api.github.com/repos/zizmorcore/zizmor/releases/assets/552067643"
provenance = "github-attestations"

[tools.zizmor."platforms.linux-x64"]
checksum = "sha256:e65324f4430c2717591937edcec90ccbefaf14c174f8ec9415e03ca875b46e1a"
url = "https://github.com/zizmorcore/zizmor/releases/download/v1.30.1/zizmor-x86_64-unknown-linux-gnu.tar.gz"
url_api = "https://api.github.com/repos/zizmorcore/zizmor/releases/assets/552067642"
provenance = "github-attestations"

[tools.zizmor."platforms.linux-x64-baseline"]
checksum = "sha256:e65324f4430c2717591937edcec90ccbefaf14c174f8ec9415e03ca875b46e1a"
url = "https://github.com/zizmorcore/zizmor/releases/download/v1.30.1/zizmor-x86_64-unknown-linux-gnu.tar.gz"
url_api = "https://api.github.com/repos/zizmorcore/zizmor/releases/assets/552067642"
provenance = "github-attestations"

[tools.zizmor."platforms.macos-arm64"]
checksum = "sha256:e28d22b087f9ebb8d99da6e740d348c930f559961c7c3f12badda54f882195a2"
url = "https://github.com/zizmorcore/zizmor/releases/download/v1.30.1/zizmor-aarch64-apple-darwin.tar.gz"
url_api = "https://api.github.com/repos/zizmorcore/zizmor/releases/assets/552067640"
provenance = "github-attestations"

[tools.zizmor."platforms.macos-x64"]
checksum = "sha256:10e6b18b11ea07e515a16f0f0518c7b07527bc9977c1fd5698181ce7f3554202"
url = "https://github.com/zizmorcore/zizmor/releases/download/v1.30.1/zizmor-x86_64-apple-darwin.tar.gz"
url_api = "https://api.github.com/repos/zizmorcore/zizmor/releases/assets/552067641"
provenance = "github-attestations"

[tools.zizmor."platforms.macos-x64-baseline"]
checksum = "sha256:10e6b18b11ea07e515a16f0f0518c7b07527bc9977c1fd5698181ce7f3554202"
url = "https://github.com/zizmorcore/zizmor/releases/download/v1.30.1/zizmor-x86_64-apple-darwin.tar.gz"
url_api = "https://api.github.com/repos/zizmorcore/zizmor/releases/assets/552067641"
provenance = "github-attestations"

[tools.zizmor."platforms.windows-x64"]
checksum = "sha256:b183b1e996eddfab9659f1e9b46e059f1ef1cf984a1f14e5da09f7876a4b3a1c"
url = "https://github.com/zizmorcore/zizmor/releases/download/v1.30.1/zizmor-x86_64-pc-windows-msvc.zip"
url_api = "https://api.github.com/repos/zizmorcore/zizmor/releases/assets/552067645"
provenance = "github-attestations"

[tools.zizmor."platforms.windows-x64-baseline"]
checksum = "sha256:b183b1e996eddfab9659f1e9b46e059f1ef1cf984a1f14e5da09f7876a4b3a1c"
url = "https://github.com/zizmorcore/zizmor/releases/download/v1.30.1/zizmor-x86_64-pc-windows-msvc.zip"
url_api = "https://api.github.com/repos/zizmorcore/zizmor/releases/assets/552067645"
provenance = "github-attestations"
